
Microsoft Visual Studio Solution File, Format Version 12.00
# Visual Studio Version 16
VisualStudioVersion = 16.0.30523.141
MinimumVisualStudioVersion = 10.0.40219.1
Project("{00D1A9C2-B5F0-4AF3-8072-F6C62B433612}") = "HomestayAppDB", "HomestayAppDB\HomestayAppDB.sqlproj", "{DD49B5FC-0F23-45DC-9C7E-EFA6B77816D3}"
EndProject
Project("{9A19103F-16F7-4668-BE54-9A1E7A4F7556}") = "HomestayAppLibrary", "HomestayAppLibrary\HomestayAppLibrary.csproj", "{8F2AD0D0-5B15-4222-8471-EB009A6A675F}"
EndProject
Project("{9A19103F-16F7-4668-BE54-9A1E7A4F7556}") = "HomestayApp.Web", "HomestayApp.Web\HomestayApp.Web.csproj", "{DBD41C37-9D6E-4DFD-9C3A-70E04184D985}"
EndProject
Global
	GlobalSection(SolutionConfigurationPlatforms) = preSolution
		Debug|Any CPU = Debug|Any CPU
		Release|Any CPU = Release|Any CPU
	EndGlobalSection
	GlobalSection(ProjectConfigurationPlatforms) = postSolution
		{DD49B5FC-0F23-45DC-9C7E-EFA6B77816D3}.Debug|Any CPU.ActiveCfg = Debug|Any CPU
		{DD49B5FC-0F23-45DC-9C7E-EFA6B77816D3}.Debug|Any CPU.Build.0 = Debug|Any CPU
		{DD49B5FC-0F23-45DC-9C7E-EFA6B77816D3}.Debug|Any CPU.Deploy.0 = Debug|Any CPU
		{DD49B5FC-0F23-45DC-9C7E-EFA6B77816D3}.Release|Any CPU.ActiveCfg = Release|Any CPU
		{DD49B5FC-0F23-45DC-9C7E-EFA6B77816D3}.Release|Any CPU.Build.0 = Release|Any CPU
		{DD49B5FC-0F23-45DC-9C7E-EFA6B77816D3}.Release|Any CPU.Deploy.0 = Release|Any CPU
		{8F2AD0D0-5B15-4222-8471-EB009A6A675F}.Debug|Any CPU.ActiveCfg = Debug|Any CPU
		{8F2AD0D0-5B15-4222-8471-EB009A6A675F}.Debug|Any CPU.Build.0 = Debug|Any CPU
		{8F2AD0D0-5B15-4222-8471-EB009A6A675F}.Release|Any CPU.ActiveCfg = Release|Any CPU
		{8F2AD0D0-5B15-4222-8471-EB009A6A675F}.Release|Any CPU.Build.0 = Release|Any CPU
		{DBD41C37-9D6E-4DFD-9C3A-70E04184D985}.Debug|Any CPU.ActiveCfg = Debug|Any CPU
		{DBD41C37-9D6E-4DFD-9C3A-70E04184D985}.Debug|Any CPU.Build.0 = Debug|Any CPU
		{DBD41C37-9D6E-4DFD-9C3A-70E04184D985}.Release|Any CPU.ActiveCfg = Release|Any CPU
		{DBD41C37-9D6E-4DFD-9C3A-70E04184D985}.Release|Any CPU.Build.0 = Release|Any CPU
	EndGlobalSection
	GlobalSection(SolutionProperties) = preSolution
		HideSolutionNode = FALSE
	EndGlobalSection
	GlobalSection(ExtensibilityGlobals) = postSolution
		SolutionGuid = {302E13EF-7906-4AF1-B001-BECFD001E2EA}
	EndGlobalSection
EndGlobal
